
Microsoft Visual Studio Solution File, Format Version 12.00
# Visual Studio Version 17
VisualStudioVersion = 17.8.34408.163
MinimumVisualStudioVersion = 10.0.40219.1
Project("{FAE04EC0-301F-11D3-BF4B-00C04F79EFBC}") = "ObjectDetectionExample", "ObjectDetectionExample\ObjectDetectionExample.csproj", "{619C265B-2B42-4661-AB96-B7D784CA5247}"
EndProject
Global
	GlobalSection(SolutionConfigurationPlatforms) = preSolution
		Debug|Any CPU = Debug|Any CPU
		Release|Any CPU = Release|Any CPU
	EndGlobalSection
	GlobalSection(ProjectConfigurationPlatforms) = postSolution
		{619C265B-2B42-4661-AB96-B7D784CA5247}.Debug|Any CPU.ActiveCfg = Debug|Any CPU
		{619C265B-2B42-4661-AB96-B7D784CA5247}.Debug|Any CPU.Build.0 = Debug|Any CPU
		{619C265B-2B42-4661-AB96-B7D784CA5247}.Release|Any CPU.ActiveCfg = Release|Any CPU
		{619C265B-2B42-4661-AB96-B7D784CA5247}.Release|Any CPU.Build.0 = Release|Any CPU
	EndGlobalSection
	GlobalSection(SolutionProperties) = preSolution
		HideSolutionNode = FALSE
	EndGlobalSection
	GlobalSection(ExtensibilityGlobals) = postSolution
		SolutionGuid = {C078A520-136A-4749-A1A6-F9B6FC25452D}
	EndGlobalSection
EndGlobal
